
Microsoft Visual Studio Solution File, Format Version 12.00
Project("{FAE04EC0-301F-11D3-BF4B-00C04F79EFBC}") = "StefRobbe.CloudDatabases", "StefRobbe.CloudDatabases\StefRobbe.CloudDatabases.csproj", "{0B27CBCD-2A37-4C9A-A256-E168398B5BBC}"
EndProject
Global
	GlobalSection(SolutionConfigurationPlatforms) = preSolution
		Debug|Any CPU = Debug|Any CPU
		Release|Any CPU = Release|Any CPU
	EndGlobalSection
	GlobalSection(ProjectConfigurationPlatforms) = postSolution
		{0B27CBCD-2A37-4C9A-A256-E168398B5BBC}.Debug|Any CPU.ActiveCfg = Debug|Any CPU
		{0B27CBCD-2A37-4C9A-A256-E168398B5BBC}.Debug|Any CPU.Build.0 = Debug|Any CPU
		{0B27CBCD-2A37-4C9A-A256-E168398B5BBC}.Release|Any CPU.ActiveCfg = Release|Any CPU
		{0B27CBCD-2A37-4C9A-A256-E168398B5BBC}.Release|Any CPU.Build.0 = Release|Any CPU
	EndGlobalSection
EndGlobal
